
Microsoft Visual Studio Solution File, Format Version 12.00
# Visual Studio Version 16
VisualStudioVersion = 16.0.29306.81
MinimumVisualStudioVersion = 10.0.40219.1
Project("{FAE04EC0-301F-11D3-BF4B-00C04F79EFBC}") = "WebAppDemo", "WebAppDemo\WebAppDemo.csproj", "{872FD6C9-7EB4-4DD3-9A0D-10224FF8BAF5}"
EndProject
Global
	GlobalSection(SolutionConfigurationPlatforms) = preSolution
		Debug|Any CPU = Debug|Any CPU
		Release|Any CPU = Release|Any CPU
	EndGlobalSection
	GlobalSection(ProjectConfigurationPlatforms) = postSolution
		{872FD6C9-7EB4-4DD3-9A0D-10224FF8BAF5}.Debug|Any CPU.ActiveCfg = Debug|Any CPU
		{872FD6C9-7EB4-4DD3-9A0D-10224FF8BAF5}.Debug|Any CPU.Build.0 = Debug|Any CPU
		{872FD6C9-7EB4-4DD3-9A0D-10224FF8BAF5}.Release|Any CPU.ActiveCfg = Release|Any CPU
		{872FD6C9-7EB4-4DD3-9A0D-10224FF8BAF5}.Release|Any CPU.Build.0 = Release|Any CPU
	EndGlobalSection
	GlobalSection(SolutionProperties) = preSolution
		HideSolutionNode = FALSE
	EndGlobalSection
	GlobalSection(ExtensibilityGlobals) = postSolution
		SolutionGuid = {B862B302-6A91-4E71-B7A0-3886E0E05565}
	EndGlobalSection
EndGlobal
